
Microsoft Visual Studio Solution File, Format Version 12.00
# Visual Studio Version 17
VisualStudioVersion = 17.8.34330.188
MinimumVisualStudioVersion = 10.0.40219.1
Project("{9A19103F-16F7-4668-BE54-9A1E7A4F7556}") = "Cw2", "Cw2\Cw2.csproj", "{6EF1FC39-85CA-47FD-9095-8560157A051D}"
EndProject
Global
	GlobalSection(SolutionConfigurationPlatforms) = preSolution
		Debug|Any CPU = Debug|Any CPU
		Release|Any CPU = Release|Any CPU
	EndGlobalSection
	GlobalSection(ProjectConfigurationPlatforms) = postSolution
		{6EF1FC39-85CA-47FD-9095-8560157A051D}.Debug|Any CPU.ActiveCfg = Debug|Any CPU
		{6EF1FC39-85CA-47FD-9095-8560157A051D}.Debug|Any CPU.Build.0 = Debug|Any CPU
		{6EF1FC39-85CA-47FD-9095-8560157A051D}.Release|Any CPU.ActiveCfg = Release|Any CPU
		{6EF1FC39-85CA-47FD-9095-8560157A051D}.Release|Any CPU.Build.0 = Release|Any CPU
	EndGlobalSection
	GlobalSection(SolutionProperties) = preSolution
		HideSolutionNode = FALSE
	EndGlobalSection
	GlobalSection(ExtensibilityGlobals) = postSolution
		SolutionGuid = {8144D1AB-5FE4-4ECA-9F99-69F7C8491B00}
	EndGlobalSection
EndGlobal
